PODS:
  - AWSAppSync (2.14.0):
    - AWSCore (~> 2.9.0)
    - ReachabilitySwift (= 4.3.0)
    - SQLite.swift (= 0.11.6)
  - AWSCore (2.9.10)
  - ReachabilitySwift (4.3.0)
  - SQLite.swift (0.11.6):
    - SQLite.swift/standard (= 0.11.6)
  - SQLite.swift/standard (0.11.6)

DEPENDENCIES:
  - AWSAppSync

SPEC REPOS:
  https://github.com/cocoapods/specs.git:
    - AWSAppSync
    - AWSCore
    - ReachabilitySwift
    - SQLite.swift

SPEC CHECKSUMS:
  AWSAppSync: 91f63b95f572d908f0a001d5c3016b117e49297a
  AWSCore: 22b6bbc6761ca9981d878155d11bc02edd681a64
  ReachabilitySwift: 408477d1b6ed9779dba301953171e017c31241f3
  SQLite.swift: 46d890be8601964454bd3392527f863d1b802d45

PODFILE CHECKSUM: 7503ca4b337a54803d35a7ce3baa27326fa31c70

COCOAPODS: 1.7.1
